
Microsoft Visual Studio Solution File, Format Version 12.00
# Visual Studio Version 16
VisualStudioVersion = 16.0.30907.101
MinimumVisualStudioVersion = 10.0.40219.1
Project("{FAE04EC0-301F-11D3-BF4B-00C04F79EFBC}") = "WSLCLip", "WSLCLip\WSLCLip.csproj", "{1A1E07F8-0B2F-48AB-A0E2-3D0EB040C0EF}"
EndProject
Global
	GlobalSection(SolutionConfigurationPlatforms) = preSolution
		Debug|Any CPU = Debug|Any CPU
		Release|Any CPU = Release|Any CPU
	EndGlobalSection
	GlobalSection(ProjectConfigurationPlatforms) = postSolution
		{1A1E07F8-0B2F-48AB-A0E2-3D0EB040C0EF}.Debug|Any CPU.ActiveCfg = Debug|Any CPU
		{1A1E07F8-0B2F-48AB-A0E2-3D0EB040C0EF}.Debug|Any CPU.Build.0 = Debug|Any CPU
		{1A1E07F8-0B2F-48AB-A0E2-3D0EB040C0EF}.Release|Any CPU.ActiveCfg = Release|Any CPU
		{1A1E07F8-0B2F-48AB-A0E2-3D0EB040C0EF}.Release|Any CPU.Build.0 = Release|Any CPU
	EndGlobalSection
	GlobalSection(SolutionProperties) = preSolution
		HideSolutionNode = FALSE
	EndGlobalSection
	GlobalSection(ExtensibilityGlobals) = postSolution
		SolutionGuid = {5E6170DC-70F6-41B1-B0E3-E278D897C35C}
	EndGlobalSection
EndGlobal
